Microsoft Visual Studio Solution File, Format Version 12.00
# Visual Studio 2012
Project("{FAE04EC0-301F-11D3-BF4B-00C04F79EFBC}") = "Gura-s Encore", "Gura-s Encore.csproj", "{DF5474E8-FFB5-446B-B2ED-C948BC37509E}"
EndProject
Global
	GlobalSection(SolutionConfigurationPlatforms) = preSolution
	Debug|Any CPU = Debug|Any CPU
	ExportDebug|Any CPU = ExportDebug|Any CPU
	ExportRelease|Any CPU = ExportRelease|Any CPU
	EndGlobalSection
	GlobalSection(ProjectConfigurationPlatforms) = postSolution
		{DF5474E8-FFB5-446B-B2ED-C948BC37509E}.Debug|Any CPU.ActiveCfg = Debug|Any CPU
		{DF5474E8-FFB5-446B-B2ED-C948BC37509E}.Debug|Any CPU.Build.0 = Debug|Any CPU
		{DF5474E8-FFB5-446B-B2ED-C948BC37509E}.ExportDebug|Any CPU.ActiveCfg = ExportDebug|Any CPU
		{DF5474E8-FFB5-446B-B2ED-C948BC37509E}.ExportDebug|Any CPU.Build.0 = ExportDebug|Any CPU
		{DF5474E8-FFB5-446B-B2ED-C948BC37509E}.ExportRelease|Any CPU.ActiveCfg = ExportRelease|Any CPU
		{DF5474E8-FFB5-446B-B2ED-C948BC37509E}.ExportRelease|Any CPU.Build.0 = ExportRelease|Any CPU
	EndGlobalSection
EndGlobal
